
Microsoft Visual Studio Solution File, Format Version 12.00
Project("{FAE04EC0-301F-11D3-BF4B-00C04F79EFBC}") = "ConsoleGPlayAPITool", "ConsoleGPlayAPITool\ConsoleGPlayAPITool.csproj", "{831FEF9D-2715-4B5C-97ED-537CF019EEE6}"
EndProject
Global
	GlobalSection(SolutionConfigurationPlatforms) = preSolution
		Debug|Any CPU = Debug|Any CPU
		Release|Any CPU = Release|Any CPU
	EndGlobalSection
	GlobalSection(ProjectConfigurationPlatforms) = postSolution
		{831FEF9D-2715-4B5C-97ED-537CF019EEE6}.Debug|Any CPU.ActiveCfg = Debug|Any CPU
		{831FEF9D-2715-4B5C-97ED-537CF019EEE6}.Debug|Any CPU.Build.0 = Debug|Any CPU
		{831FEF9D-2715-4B5C-97ED-537CF019EEE6}.Release|Any CPU.ActiveCfg = Release|Any CPU
		{831FEF9D-2715-4B5C-97ED-537CF019EEE6}.Release|Any CPU.Build.0 = Release|Any CPU
	EndGlobalSection
EndGlobal
